
Microsoft Visual Studio Solution File, Format Version 12.00
# Visual Studio Version 16
VisualStudioVersion = 16.0.30621.155
MinimumVisualStudioVersion = 10.0.40219.1
Project("{FAE04EC0-301F-11D3-BF4B-00C04F79EFBC}") = "BooksStore", "BooksStore.csproj", "{6C7719C4-3FB6-42BC-A6A7-7EAE5D495E1F}"
EndProject
Global
	GlobalSection(SolutionConfigurationPlatforms) = preSolution
		Debug|Any CPU = Debug|Any CPU
		Release|Any CPU = Release|Any CPU
	EndGlobalSection
	GlobalSection(ProjectConfigurationPlatforms) = postSolution
		{6C7719C4-3FB6-42BC-A6A7-7EAE5D495E1F}.Debug|Any CPU.ActiveCfg = Debug|Any CPU
		{6C7719C4-3FB6-42BC-A6A7-7EAE5D495E1F}.Debug|Any CPU.Build.0 = Debug|Any CPU
		{6C7719C4-3FB6-42BC-A6A7-7EAE5D495E1F}.Release|Any CPU.ActiveCfg = Release|Any CPU
		{6C7719C4-3FB6-42BC-A6A7-7EAE5D495E1F}.Release|Any CPU.Build.0 = Release|Any CPU
	EndGlobalSection
	GlobalSection(SolutionProperties) = preSolution
		HideSolutionNode = FALSE
	EndGlobalSection
	GlobalSection(ExtensibilityGlobals) = postSolution
		SolutionGuid = {3549E9A0-B70F-462E-AC33-349979C33165}
	EndGlobalSection
EndGlobal
